
Microsoft Visual Studio Solution File, Format Version 12.00
# Visual Studio 2012
Project("{E24C65DC-7377-472B-9ABA-BC803B73C61A}") = "EDMSNET", ".", "{089C77B1-3ADA-4FDF-8F5C-F59D46D11F64}"
	ProjectSection(WebsiteProperties) = preProject
		TargetFrameworkMoniker = ".NETFramework,Version%3Dv2.0"
		Debug.AspNetCompiler.VirtualPath = "/EDMSNET"
		Debug.AspNetCompiler.PhysicalPath = "..\EDMSNET\"
		Debug.AspNetCompiler.TargetPath = "PrecompiledWeb\EDMSNET\"
		Debug.AspNetCompiler.Updateable = "true"
		Debug.AspNetCompiler.ForceOverwrite = "true"
		Debug.AspNetCompiler.FixedNames = "false"
		Debug.AspNetCompiler.Debug = "True"
		Release.AspNetCompiler.VirtualPath = "/EDMSNET"
		Release.AspNetCompiler.PhysicalPath = "..\EDMSNET\"
		Release.AspNetCompiler.TargetPath = "PrecompiledWeb\EDMSNET\"
		Release.AspNetCompiler.Updateable = "true"
		Release.AspNetCompiler.ForceOverwrite = "true"
		Release.AspNetCompiler.FixedNames = "false"
		Release.AspNetCompiler.Debug = "False"
		VWDPort = "1439"
	EndProjectSection
EndProject
Global
	GlobalSection(SolutionConfigurationPlatforms) = preSolution
		Debug|Any CPU = Debug|Any CPU
	EndGlobalSection
	GlobalSection(ProjectConfigurationPlatforms) = postSolution
		{089C77B1-3ADA-4FDF-8F5C-F59D46D11F64}.Debug|Any CPU.ActiveCfg = Debug|Any CPU
		{089C77B1-3ADA-4FDF-8F5C-F59D46D11F64}.Debug|Any CPU.Build.0 = Debug|Any CPU
	EndGlobalSection
	GlobalSection(SolutionProperties) = preSolution
		HideSolutionNode = FALSE
	EndGlobalSection
EndGlobal
